{
  "version": 4,
  "terraform_version": "1.9.3",
  "serial": 54,
  "lineage": "bae4a3e6-0385-62be-97f5-98b9a307b72e",
  "outputs": {},
  "resources": [
    {
      "module": "module.vpc",
      "mode": "managed",
      "type": "digitalocean_vpc",
      "name": "main",
      "provider": "provider[\"registry.terraform.io/digitalocean/digitalocean\"]",
      "instances": [
        {
          "schema_version": 0,
          "attributes": {
            "created_at": "2024-07-31 02:59:08 +0000 UTC",
            "default": false,
            "description": "VPC for Socks Shop microservice",
            "id": "a52b6312-8004-416d-b4af-5e1bbed7c6d2",
            "ip_range": "10.0.0.0/16",
            "name": "socks-shop-vpc",
            "region": "lon1",
            "timeouts": null,
            "urn": "do:vpc:a52b6312-8004-416d-b4af-5e1bbed7c6d2"
          },
          "sensitive_attributes": [],
          "private": "eyJlMmJmYjczMC1lY2FhLTExZTYtOGY4OC0zNDM2M2JjN2M0YzAiOnsiZGVsZXRlIjoxMjAwMDAwMDAwMDB9fQ=="
        }
      ]
    }
  ],
  "check_results": null
}
